// !$*UTF8*$!
{
	archiveVersion = 1;
	classes = {
	};
	objectVersion = 50;
	objects = {

/* Begin PBXBuildFile section */
		2E33550C2147C77A001BBCEC /* LoginViewController.swift in Sources */ = {isa = PBXBuildFile; fileRef = 2E33550B2147C77A001BBCEC /* LoginViewController.swift */; };
		2E33550E2147C7BF001BBCEC /* MainTabViewController.swift in Sources */ = {isa = PBXBuildFile; fileRef = 2E33550D2147C7BF001BBCEC /* MainTabViewController.swift */; };
		2E3355112147C972001BBCEC /* LoginViewControllerSwitcher.swift in Sources */ = {isa = PBXBuildFile; fileRef = 2E3355102147C972001BBCEC /* LoginViewControllerSwitcher.swift */; };
		2E3355142148DF37001BBCEC /* UserModel.swift in Sources */ = {isa = PBXBuildFile; fileRef = 2E3355132148DF37001BBCEC /* UserModel.swift */; };
		2E33551821490311001BBCEC /* RestApiService.swift in Sources */ = {isa = PBXBuildFile; fileRef = 2E33551721490311001BBCEC /* RestApiService.swift */; };
		2E33551A214A00BB001BBCEC /* UserService.swift in Sources */ = {isa = PBXBuildFile; fileRef = 2E335519214A00BB001BBCEC /* UserService.swift */; };
		2E390C9D214B58C700695F2C /* Localizable.strings in Resources */ = {isa = PBXBuildFile; fileRef = 2E390C9F214B58C700695F2C /* Localizable.strings */; };
		2E390CA4214B591200695F2C /* StringExtension.swift in Sources */ = {isa = PBXBuildFile; fileRef = 2E390CA3214B591200695F2C /* StringExtension.swift */; };
		2E390CAA214B7DD900695F2C /* StoreViewController.swift in Sources */ = {isa = PBXBuildFile; fileRef = 2E390CA9214B7DD900695F2C /* StoreViewController.swift */; };
		2E390CAC214B7E0300695F2C /* ProfileViewMainController.swift in Sources */ = {isa = PBXBuildFile; fileRef = 2E390CAB214B7E0300695F2C /* ProfileViewMainController.swift */; };
		2E390CAE214B88A100695F2C /* Color.swift in Sources */ = {isa = PBXBuildFile; fileRef = 2E390CAD214B88A100695F2C /* Color.swift */; };
		2E390CB4214BE21600695F2C /* RegisterUserViewController.swift in Sources */ = {isa = PBXBuildFile; fileRef = 2E390CB3214BE21600695F2C /* RegisterUserViewController.swift */; };
		2E390CB6214BE4A500695F2C /* LoginNavigationViewController.swift in Sources */ = {isa = PBXBuildFile; fileRef = 2E390CB5214BE4A500695F2C /* LoginNavigationViewController.swift */; };
		2E390CB8214BF1B900695F2C /* RegisterUserPasswordViewContollerViewController.swift in Sources */ = {isa = PBXBuildFile; fileRef = 2E390CB7214BF1B900695F2C /* RegisterUserPasswordViewContollerViewController.swift */; };
		2E720F75214A2529006ADB05 /* env_setting.plist in Resources */ = {isa = PBXBuildFile; fileRef = 2E720F74214A2529006ADB05 /* env_setting.plist */; };
		2E720F78214A25A7006ADB05 /* CommonUtill.swift in Sources */ = {isa = PBXBuildFile; fileRef = 2E720F77214A25A7006ADB05 /* CommonUtill.swift */; };
		2EBFC5DC2147A07B00C83633 /* AppDelegate.swift in Sources */ = {isa = PBXBuildFile; fileRef = 2EBFC5DB2147A07B00C83633 /* AppDelegate.swift */; };
		2EBFC5DE2147A07B00C83633 /* DeviceListMainController.swift in Sources */ = {isa = PBXBuildFile; fileRef = 2EBFC5DD2147A07B00C83633 /* DeviceListMainController.swift */; };
		2EBFC5E02147A07B00C83633 /* RuleTaskListMainController.swift in Sources */ = {isa = PBXBuildFile; fileRef = 2EBFC5DF2147A07B00C83633 /* RuleTaskListMainController.swift */; };
		2EBFC5E32147A07B00C83633 /* Main.storyboard in Resources */ = {isa = PBXBuildFile; fileRef = 2EBFC5E12147A07B00C83633 /* Main.storyboard */; };
		2EBFC5E52147A07D00C83633 /* Assets.xcassets in Resources */ = {isa = PBXBuildFile; fileRef = 2EBFC5E42147A07D00C83633 /* Assets.xcassets */; };
		2EBFC5E82147A07D00C83633 /* LaunchScreen.storyboard in Resources */ = {isa = PBXBuildFile; fileRef = 2EBFC5E62147A07D00C83633 /* LaunchScreen.storyboard */; };
		8FC930DF7CEE88BDB91ED59B /* Pods_LuansSquareCloud.framework in Frameworks */ = {isa = PBXBuildFile; fileRef = FD44DC625211B8A6881E7848 /* Pods_LuansSquareCloud.framework */; };
/* End PBXBuildFile section */

/* Begin PBXFileReference section */
		2E33550B2147C77A001BBCEC /* LoginViewController.swift */ = {isa = PBXFileReference; lastKnownFileType = sourcecode.swift; path = LoginViewController.swift; sourceTree = "<group>"; };
		2E33550D2147C7BF001BBCEC /* MainTabViewController.swift */ = {isa = PBXFileReference; lastKnownFileType = sourcecode.swift; path = MainTabViewController.swift; sourceTree = "<group>"; };
		2E3355102147C972001BBCEC /* LoginViewControllerSwitcher.swift */ = {isa = PBXFileReference; lastKnownFileType = sourcecode.swift; path = LoginViewControllerSwitcher.swift; sourceTree = "<group>"; };
		2E3355132148DF37001BBCEC /* UserModel.swift */ = {isa = PBXFileReference; lastKnownFileType = sourcecode.swift; path = UserModel.swift; sourceTree = "<group>"; };
		2E33551721490311001BBCEC /* RestApiService.swift */ = {isa = PBXFileReference; lastKnownFileType = sourcecode.swift; path = RestApiService.swift; sourceTree = "<group>"; };
		2E335519214A00BB001BBCEC /* UserService.swift */ = {isa = PBXFileReference; lastKnownFileType = sourcecode.swift; path = UserService.swift; sourceTree = "<group>"; };
		2E390C93214B573D00695F2C /* Base */ = {isa = PBXFileReference; lastKnownFileType = file.storyboard; name = Base; path = Base.lproj/Main.storyboard; sourceTree = "<group>"; };
		2E390C94214B573D00695F2C /* Base */ = {isa = PBXFileReference; lastKnownFileType = file.storyboard; name = Base; path = Base.lproj/LaunchScreen.storyboard; sourceTree = "<group>"; };
		2E390C96214B576600695F2C /* ko */ = {isa = PBXFileReference; lastKnownFileType = text.plist.strings; name = ko; path = ko.lproj/LaunchScreen.strings; sourceTree = "<group>"; };
		2E390C97214B577000695F2C /* ja */ = {isa = PBXFileReference; lastKnownFileType = text.plist.strings; name = ja; path = ja.lproj/Main.strings; sourceTree = "<group>"; };
		2E390C98214B577000695F2C /* ja */ = {isa = PBXFileReference; lastKnownFileType = text.plist.strings; name = ja; path = ja.lproj/LaunchScreen.strings; sourceTree = "<group>"; };
		2E390C99214B578100695F2C /* zh-Hans */ = {isa = PBXFileReference; lastKnownFileType = text.plist.strings; name = "zh-Hans"; path = "zh-Hans.lproj/Main.strings"; sourceTree = "<group>"; };
		2E390C9A214B578100695F2C /* zh-Hans */ = {isa = PBXFileReference; lastKnownFileType = text.plist.strings; name = "zh-Hans"; path = "zh-Hans.lproj/LaunchScreen.strings"; sourceTree = "<group>"; };
		2E390C9E214B58C700695F2C /* ko */ = {isa = PBXFileReference; lastKnownFileType = text.plist.strings; name = ko; path = ko.lproj/Localizable.strings; sourceTree = "<group>"; };
		2E390CA0214B58CE00695F2C /* en */ = {isa = PBXFileReference; lastKnownFileType = text.plist.strings; name = en; path = en.lproj/Localizable.strings; sourceTree = "<group>"; };
		2E390CA1214B58D000695F2C /* ja */ = {isa = PBXFileReference; lastKnownFileType = text.plist.strings; name = ja; path = ja.lproj/Localizable.strings; sourceTree = "<group>"; };
		2E390CA2214B58D200695F2C /* zh-Hans */ = {isa = PBXFileReference; lastKnownFileType = text.plist.strings; name = "zh-Hans"; path = "zh-Hans.lproj/Localizable.strings"; sourceTree = "<group>"; };
		2E390CA3214B591200695F2C /* StringExtension.swift */ = {isa = PBXFileReference; lastKnownFileType = sourcecode.swift; path = StringExtension.swift; sourceTree = "<group>"; };
		2E390CA9214B7DD900695F2C /* StoreViewController.swift */ = {isa = PBXFileReference; lastKnownFileType = sourcecode.swift; path = StoreViewController.swift; sourceTree = "<group>"; };
		2E390CAB214B7E0300695F2C /* ProfileViewMainController.swift */ = {isa = PBXFileReference; lastKnownFileType = sourcecode.swift; path = ProfileViewMainController.swift; sourceTree = "<group>"; };
		2E390CAD214B88A100695F2C /* Color.swift */ = {isa = PBXFileReference; lastKnownFileType = sourcecode.swift; path = Color.swift; sourceTree = "<group>"; };
		2E390CB0214BAA8200695F2C /* en */ = {isa = PBXFileReference; lastKnownFileType = text.plist.strings; name = en; path = en.lproj/Main.strings; sourceTree = "<group>"; };
		2E390CB2214BAAA300695F2C /* ko */ = {isa = PBXFileReference; lastKnownFileType = text.plist.strings; name = ko; path = ko.lproj/Main.strings; sourceTree = "<group>"; };
		2E390CB3214BE21600695F2C /* RegisterUserViewController.swift */ = {isa = PBXFileReference; lastKnownFileType = sourcecode.swift; path = RegisterUserViewController.swift; sourceTree = "<group>"; };
		2E390CB5214BE4A500695F2C /* LoginNavigationViewController.swift */ = {isa = PBXFileReference; lastKnownFileType = sourcecode.swift; path = LoginNavigationViewController.swift; sourceTree = "<group>"; };
		2E390CB7214BF1B900695F2C /* RegisterUserPasswordViewContollerViewController.swift */ = {isa = PBXFileReference; lastKnownFileType = sourcecode.swift; path = RegisterUserPasswordViewContollerViewController.swift; sourceTree = "<group>"; };
		2E720F74214A2529006ADB05 /* env_setting.plist */ = {isa = PBXFileReference; lastKnownFileType = text.plist.xml; path = env_setting.plist; sourceTree = "<group>"; };
		2E720F77214A25A7006ADB05 /* CommonUtill.swift */ = {isa = PBXFileReference; lastKnownFileType = sourcecode.swift; path = CommonUtill.swift; sourceTree = "<group>"; };
		2EBFC5D82147A07B00C83633 /* LuansSquareCloud.app */ = {isa = PBXFileReference; explicitFileType = wrapper.application; includeInIndex = 0; path = LuansSquareCloud.app; sourceTree = BUILT_PRODUCTS_DIR; };
		2EBFC5DB2147A07B00C83633 /* AppDelegate.swift */ = {isa = PBXFileReference; lastKnownFileType = sourcecode.swift; path = AppDelegate.swift; sourceTree = "<group>"; };
		2EBFC5DD2147A07B00C83633 /* DeviceListMainController.swift */ = {isa = PBXFileReference; lastKnownFileType = sourcecode.swift; path = DeviceListMainController.swift; sourceTree = "<group>"; };
		2EBFC5DF2147A07B00C83633 /* RuleTaskListMainController.swift */ = {isa = PBXFileReference; lastKnownFileType = sourcecode.swift; path = RuleTaskListMainController.swift; sourceTree = "<group>"; };
		2EBFC5E42147A07D00C83633 /* Assets.xcassets */ = {isa = PBXFileReference; lastKnownFileType = folder.assetcatalog; path = Assets.xcassets; sourceTree = "<group>"; };
		2EBFC5E92147A07D00C83633 /* Info.plist */ = {isa = PBXFileReference; lastKnownFileType = text.plist.xml; path = Info.plist; sourceTree = "<group>"; };
		516C48EF3A8585FCC47905A0 /* Pods-LuansSquareCloud.release.xcconfig */ = {isa = PBXFileReference; includeInIndex = 1; lastKnownFileType = text.xcconfig; name = "Pods-LuansSquareCloud.release.xcconfig"; path = "Pods/Target Support Files/Pods-LuansSquareCloud/Pods-LuansSquareCloud.release.xcconfig"; sourceTree = "<group>"; };
		5249A96A8A474349690E35D1 /* Pods-LuansSquareCloud.debug.xcconfig */ = {isa = PBXFileReference; includeInIndex = 1; lastKnownFileType = text.xcconfig; name = "Pods-LuansSquareCloud.debug.xcconfig"; path = "Pods/Target Support Files/Pods-LuansSquareCloud/Pods-LuansSquareCloud.debug.xcconfig"; sourceTree = "<group>"; };
		FD44DC625211B8A6881E7848 /* Pods_LuansSquareCloud.framework */ = {isa = PBXFileReference; explicitFileType = wrapper.framework; includeInIndex = 0; path = Pods_LuansSquareCloud.framework; sourceTree = BUILT_PRODUCTS_DIR; };
/* End PBXFileReference section */

/* Begin PBXFrameworksBuildPhase section */
		2EBFC5D52147A07B00C83633 /* Frameworks */ = {
			isa = PBXFrameworksBuildPhase;
			buildActionMask = 2147483647;
			files = (
				8FC930DF7CEE88BDB91ED59B /* Pods_LuansSquareCloud.framework in Frameworks */,
			);
			runOnlyForDeploymentPostprocessing = 0;
		};
/* End PBXFrameworksBuildPhase section */

/* Begin PBXGroup section */
		2E33550A2147C748001BBCEC /* Controller */ = {
			isa = PBXGroup;
			children = (
				2E33550F2147C905001BBCEC /* login */,
				2E390CA5214B7D5900695F2C /* DevicesView */,
				2E390CA6214B7D7200695F2C /* RuleTaskView */,
				2E390CA7214B7D8400695F2C /* storeView */,
				2E390CA8214B7D8F00695F2C /* ProfileView */,
				2E33550D2147C7BF001BBCEC /* MainTabViewController.swift */,
			);
			path = Controller;
			sourceTree = "<group>";
		};
		2E33550F2147C905001BBCEC /* login */ = {
			isa = PBXGroup;
			children = (
				2E33550B2147C77A001BBCEC /* LoginViewController.swift */,
				2E3355102147C972001BBCEC /* LoginViewControllerSwitcher.swift */,
				2E390CB3214BE21600695F2C /* RegisterUserViewController.swift */,
				2E390CB5214BE4A500695F2C /* LoginNavigationViewController.swift */,
				2E390CB7214BF1B900695F2C /* RegisterUserPasswordViewContollerViewController.swift */,
			);
			path = login;
			sourceTree = "<group>";
		};
		2E3355122148DF0E001BBCEC /* Model */ = {
			isa = PBXGroup;
			children = (
				2E3355132148DF37001BBCEC /* UserModel.swift */,
			);
			path = Model;
			sourceTree = "<group>";
		};
		2E3355152148EA99001BBCEC /* Service */ = {
			isa = PBXGroup;
			children = (
				2E33551721490311001BBCEC /* RestApiService.swift */,
				2E335519214A00BB001BBCEC /* UserService.swift */,
			);
			path = Service;
			sourceTree = "<group>";
		};
		2E335536214A0EBD001BBCEC /* resources */ = {
			isa = PBXGroup;
			children = (
				2E720F74214A2529006ADB05 /* env_setting.plist */,
			);
			path = resources;
			sourceTree = "<group>";
		};
		2E335557214A1C47001BBCEC /* Frameworks */ = {
			isa = PBXGroup;
			children = (
				FD44DC625211B8A6881E7848 /* Pods_LuansSquareCloud.framework */,
			);
			name = Frameworks;
			sourceTree = "<group>";
		};
		2E390CA5214B7D5900695F2C /* DevicesView */ = {
			isa = PBXGroup;
			children = (
				2EBFC5DD2147A07B00C83633 /* DeviceListMainController.swift */,
			);
			path = DevicesView;
			sourceTree = "<group>";
		};
		2E390CA6214B7D7200695F2C /* RuleTaskView */ = {
			isa = PBXGroup;
			children = (
				2EBFC5DF2147A07B00C83633 /* RuleTaskListMainController.swift */,
			);
			path = RuleTaskView;
			sourceTree = "<group>";
		};
		2E390CA7214B7D8400695F2C /* storeView */ = {
			isa = PBXGroup;
			children = (
				2E390CA9214B7DD900695F2C /* StoreViewController.swift */,
			);
			path = storeView;
			sourceTree = "<group>";
		};
		2E390CA8214B7D8F00695F2C /* ProfileView */ = {
			isa = PBXGroup;
			children = (
				2E390CAB214B7E0300695F2C /* ProfileViewMainController.swift */,
			);
			path = ProfileView;
			sourceTree = "<group>";
		};
		2E720F76214A2590006ADB05 /* util */ = {
			isa = PBXGroup;
			children = (
				2E720F77214A25A7006ADB05 /* CommonUtill.swift */,
				2E390CA3214B591200695F2C /* StringExtension.swift */,
				2E390CAD214B88A100695F2C /* Color.swift */,
			);
			path = util;
			sourceTree = "<group>";
		};
		2EBFC5CF2147A07B00C83633 = {
			isa = PBXGroup;
			children = (
				2E390C9F214B58C700695F2C /* Localizable.strings */,
				2EBFC5DA2147A07B00C83633 /* LuansSquareCloud */,
				2EBFC5D92147A07B00C83633 /* Products */,
				2E335557214A1C47001BBCEC /* Frameworks */,
				78E15B241A90077A9B203D47 /* Pods */,
			);
			sourceTree = "<group>";
		};
		2EBFC5D92147A07B00C83633 /* Products */ = {
			isa = PBXGroup;
			children = (
				2EBFC5D82147A07B00C83633 /* LuansSquareCloud.app */,
			);
			name = Products;
			sourceTree = "<group>";
		};
		2EBFC5DA2147A07B00C83633 /* LuansSquareCloud */ = {
			isa = PBXGroup;
			children = (
				2E720F76214A2590006ADB05 /* util */,
				2E335536214A0EBD001BBCEC /* resources */,
				2E3355152148EA99001BBCEC /* Service */,
				2E3355122148DF0E001BBCEC /* Model */,
				2E33550A2147C748001BBCEC /* Controller */,
				2EBFC5DB2147A07B00C83633 /* AppDelegate.swift */,
				2EBFC5E12147A07B00C83633 /* Main.storyboard */,
				2EBFC5E42147A07D00C83633 /* Assets.xcassets */,
				2EBFC5E62147A07D00C83633 /* LaunchScreen.storyboard */,
				2EBFC5E92147A07D00C83633 /* Info.plist */,
			);
			path = LuansSquareCloud;
			sourceTree = "<group>";
		};
		78E15B241A90077A9B203D47 /* Pods */ = {
			isa = PBXGroup;
			children = (
				5249A96A8A474349690E35D1 /* Pods-LuansSquareCloud.debug.xcconfig */,
				516C48EF3A8585FCC47905A0 /* Pods-LuansSquareCloud.release.xcconfig */,
			);
			name = Pods;
			sourceTree = "<group>";
		};
/* End PBXGroup section */

/* Begin PBXNativeTarget section */
		2EBFC5D72147A07B00C83633 /* LuansSquareCloud */ = {
			isa = PBXNativeTarget;
			buildConfigurationList = 2EBFC5EC2147A07D00C83633 /* Build configuration list for PBXNativeTarget "LuansSquareCloud" */;
			buildPhases = (
				79031BABCF92D7E9B5DD61B8 /* [CP] Check Pods Manifest.lock */,
				2EBFC5D42147A07B00C83633 /* Sources */,
				2EBFC5D52147A07B00C83633 /* Frameworks */,
				2EBFC5D62147A07B00C83633 /* Resources */,
				F383A6A3B2C8A59804C7C8A8 /* [CP] Embed Pods Frameworks */,
			);
			buildRules = (
			);
			dependencies = (
			);
			name = LuansSquareCloud;
			productName = LuansSquareCloud;
			productReference = 2EBFC5D82147A07B00C83633 /* LuansSquareCloud.app */;
			productType = "com.apple.product-type.application";
		};
/* End PBXNativeTarget section */

/* Begin PBXProject section */
		2EBFC5D02147A07B00C83633 /* Project object */ = {
			isa = PBXProject;
			attributes = {
				KnownAssetTags = (
					ff,
				);
				LastSwiftUpdateCheck = 0940;
				LastUpgradeCheck = 0940;
				ORGANIZATIONNAME = "cho wanhee";
				TargetAttributes = {
					2EBFC5D72147A07B00C83633 = {
						CreatedOnToolsVersion = 9.4.1;
					};
				};
			};
			buildConfigurationList = 2EBFC5D32147A07B00C83633 /* Build configuration list for PBXProject "LuansSquareCloud" */;
			compatibilityVersion = "Xcode 9.3";
			developmentRegion = en;
			hasScannedForEncodings = 0;
			knownRegions = (
				en,
				Base,
				ja,
				"zh-Hans",
				ko,
			);
			mainGroup = 2EBFC5CF2147A07B00C83633;
			productRefGroup = 2EBFC5D92147A07B00C83633 /* Products */;
			projectDirPath = "";
			projectRoot = "";
			targets = (
				2EBFC5D72147A07B00C83633 /* LuansSquareCloud */,
			);
		};
/* End PBXProject section */

/* Begin PBXResourcesBuildPhase section */
		2EBFC5D62147A07B00C83633 /* Resources */ = {
			isa = PBXResourcesBuildPhase;
			buildActionMask = 2147483647;
			files = (
				2E390C9D214B58C700695F2C /* Localizable.strings in Resources */,
				2EBFC5E82147A07D00C83633 /* LaunchScreen.storyboard in Resources */,
				2E720F75214A2529006ADB05 /* env_setting.plist in Resources */,
				2EBFC5E52147A07D00C83633 /* Assets.xcassets in Resources */,
				2EBFC5E32147A07B00C83633 /* Main.storyboard in Resources */,
			);
			runOnlyForDeploymentPostprocessing = 0;
		};
/* End PBXResourcesBuildPhase section */

/* Begin PBXShellScriptBuildPhase section */
		79031BABCF92D7E9B5DD61B8 /* [CP] Check Pods Manifest.lock */ = {
			isa = PBXShellScriptBuildPhase;
			buildActionMask = 2147483647;
			files = (
			);
			inputPaths = (
				"${PODS_PODFILE_DIR_PATH}/Podfile.lock",
				"${PODS_ROOT}/Manifest.lock",
			);
			name = "[CP] Check Pods Manifest.lock";
			outputPaths = (
				"$(DERIVED_FILE_DIR)/Pods-LuansSquareCloud-checkManifestLockResult.txt",
			);
			runOnlyForDeploymentPostprocessing = 0;
			shellPath = /bin/sh;
			shellScript = "diff \"${PODS_PODFILE_DIR_PATH}/Podfile.lock\" \"${PODS_ROOT}/Manifest.lock\" > /dev/null\nif [ $? != 0 ] ; then\n    # print error to STDERR\n    echo \"error: The sandbox is not in sync with the Podfile.lock. Run 'pod install' or update your CocoaPods installation.\" >&2\n    exit 1\nfi\n# This output is used by Xcode 'outputs' to avoid re-running this script phase.\necho \"SUCCESS\" > \"${SCRIPT_OUTPUT_FILE_0}\"\n";
			showEnvVarsInLog = 0;
		};
		F383A6A3B2C8A59804C7C8A8 /* [CP] Embed Pods Frameworks */ = {
			isa = PBXShellScriptBuildPhase;
			buildActionMask = 2147483647;
			files = (
			);
			inputPaths = (
				"${SRCROOT}/Pods/Target Support Files/Pods-LuansSquareCloud/Pods-LuansSquareCloud-frameworks.sh",
				"${BUILT_PRODUCTS_DIR}/Alamofire/Alamofire.framework",
			);
			name = "[CP] Embed Pods Frameworks";
			outputPaths = (
				"${TARGET_BUILD_DIR}/${FRAMEWORKS_FOLDER_PATH}/Alamofire.framework",
			);
			runOnlyForDeploymentPostprocessing = 0;
			shellPath = /bin/sh;
			shellScript = "\"${SRCROOT}/Pods/Target Support Files/Pods-LuansSquareCloud/Pods-LuansSquareCloud-frameworks.sh\"\n";
			showEnvVarsInLog = 0;
		};
/* End PBXShellScriptBuildPhase section */

/* Begin PBXSourcesBuildPhase section */
		2EBFC5D42147A07B00C83633 /* Sources */ = {
			isa = PBXSourcesBuildPhase;
			buildActionMask = 2147483647;
			files = (
				2E33551821490311001BBCEC /* RestApiService.swift in Sources */,
				2E33550E2147C7BF001BBCEC /* MainTabViewController.swift in Sources */,
				2E33551A214A00BB001BBCEC /* UserService.swift in Sources */,
				2E3355112147C972001BBCEC /* LoginViewControllerSwitcher.swift in Sources */,
				2E33550C2147C77A001BBCEC /* LoginViewController.swift in Sources */,
				2E720F78214A25A7006ADB05 /* CommonUtill.swift in Sources */,
				2E390CB6214BE4A500695F2C /* LoginNavigationViewController.swift in Sources */,
				2EBFC5E02147A07B00C83633 /* RuleTaskListMainController.swift in Sources */,
				2E390CAA214B7DD900695F2C /* StoreViewController.swift in Sources */,
				2EBFC5DC2147A07B00C83633 /* AppDelegate.swift in Sources */,
				2E390CAE214B88A100695F2C /* Color.swift in Sources */,
				2E390CB4214BE21600695F2C /* RegisterUserViewController.swift in Sources */,
				2EBFC5DE2147A07B00C83633 /* DeviceListMainController.swift in Sources */,
				2E390CAC214B7E0300695F2C /* ProfileViewMainController.swift in Sources */,
				2E390CA4214B591200695F2C /* StringExtension.swift in Sources */,
				2E390CB8214BF1B900695F2C /* RegisterUserPasswordViewContollerViewController.swift in Sources */,
				2E3355142148DF37001BBCEC /* UserModel.swift in Sources */,
			);
			runOnlyForDeploymentPostprocessing = 0;
		};
/* End PBXSourcesBuildPhase section */

/* Begin PBXVariantGroup section */
		2E390C9F214B58C700695F2C /* Localizable.strings */ = {
			isa = PBXVariantGroup;
			children = (
				2E390C9E214B58C700695F2C /* ko */,
				2E390CA0214B58CE00695F2C /* en */,
				2E390CA1214B58D000695F2C /* ja */,
				2E390CA2214B58D200695F2C /* zh-Hans */,
			);
			name = Localizable.strings;
			sourceTree = "<group>";
		};
		2EBFC5E12147A07B00C83633 /* Main.storyboard */ = {
			isa = PBXVariantGroup;
			children = (
				2E390C93214B573D00695F2C /* Base */,
				2E390C97214B577000695F2C /* ja */,
				2E390C99214B578100695F2C /* zh-Hans */,
				2E390CB0214BAA8200695F2C /* en */,
				2E390CB2214BAAA300695F2C /* ko */,
			);
			name = Main.storyboard;
			sourceTree = "<group>";
		};
		2EBFC5E62147A07D00C83633 /* LaunchScreen.storyboard */ = {
			isa = PBXVariantGroup;
			children = (
				2E390C94214B573D00695F2C /* Base */,
				2E390C96214B576600695F2C /* ko */,
				2E390C98214B577000695F2C /* ja */,
				2E390C9A214B578100695F2C /* zh-Hans */,
			);
			name = LaunchScreen.storyboard;
			sourceTree = "<group>";
		};
/* End PBXVariantGroup section */

/* Begin XCBuildConfiguration section */
		2EBFC5EA2147A07D00C83633 /* Debug */ = {
			isa = XCBuildConfiguration;
			buildSettings = {
				ALWAYS_SEARCH_USER_PATHS = NO;
				CLANG_ANALYZER_LOCALIZABILITY_NONLOCALIZED = YES;
				CLANG_ANALYZER_NONNULL = YES;
				CLANG_ANALYZER_NUMBER_OBJECT_CONVERSION = YES_AGGRESSIVE;
				CLANG_CXX_LANGUAGE_STANDARD = "gnu++14";
				CLANG_CXX_LIBRARY = "libc++";
				CLANG_ENABLE_MODULES = YES;
				CLANG_ENABLE_OBJC_ARC = YES;
				CLANG_ENABLE_OBJC_WEAK = YES;
				CLANG_WARN_BLOCK_CAPTURE_AUTORELEASING = YES;
				CLANG_WARN_BOOL_CONVERSION = YES;
				CLANG_WARN_COMMA = YES;
				CLANG_WARN_CONSTANT_CONVERSION = YES;
				CLANG_WARN_DEPRECATED_OBJC_IMPLEMENTATIONS = YES;
				CLANG_WARN_DIRECT_OBJC_ISA_USAGE = YES_ERROR;
				CLANG_WARN_DOCUMENTATION_COMMENTS = YES;
				CLANG_WARN_EMPTY_BODY = YES;
				CLANG_WARN_ENUM_CONVERSION = YES;
				CLANG_WARN_INFINITE_RECURSION = YES;
				CLANG_WARN_INT_CONVERSION = YES;
				CLANG_WARN_NON_LITERAL_NULL_CONVERSION = YES;
				CLANG_WARN_OBJC_IMPLICIT_RETAIN_SELF = YES;
				CLANG_WARN_OBJC_LITERAL_CONVERSION = YES;
				CLANG_WARN_OBJC_ROOT_CLASS = YES_ERROR;
				CLANG_WARN_RANGE_LOOP_ANALYSIS = YES;
				CLANG_WARN_STRICT_PROTOTYPES = YES;
				CLANG_WARN_SUSPICIOUS_MOVE = YES;
				CLANG_WARN_UNGUARDED_AVAILABILITY = YES_AGGRESSIVE;
				CLANG_WARN_UNREACHABLE_CODE = YES;
				CLANG_WARN__DUPLICATE_METHOD_MATCH = YES;
				CODE_SIGN_IDENTITY = "iPhone Developer";
				COPY_PHASE_STRIP = NO;
				DEBUG_INFORMATION_FORMAT = dwarf;
				ENABLE_STRICT_OBJC_MSGSEND = YES;
				ENABLE_TESTABILITY = YES;
				GCC_C_LANGUAGE_STANDARD = gnu11;
				GCC_DYNAMIC_NO_PIC = NO;
				GCC_NO_COMMON_BLOCKS = YES;
				GCC_OPTIMIZATION_LEVEL = 0;
				GCC_PREPROCESSOR_DEFINITIONS = (
					"DEBUG=1",
					"$(inherited)",
				);
				GCC_WARN_64_TO_32_BIT_CONVERSION = YES;
				GCC_WARN_ABOUT_RETURN_TYPE = YES_ERROR;
				GCC_WARN_UNDECLARED_SELECTOR = YES;
				GCC_WARN_UNINITIALIZED_AUTOS = YES_AGGRESSIVE;
				GCC_WARN_UNUSED_FUNCTION = YES;
				GCC_WARN_UNUSED_VARIABLE = YES;
				IPHONEOS_DEPLOYMENT_TARGET = 11.4;
				MTL_ENABLE_DEBUG_INFO = YES;
				ONLY_ACTIVE_ARCH = YES;
				SDKROOT = iphoneos;
				SWIFT_ACTIVE_COMPILATION_CONDITIONS = DEBUG;
				SWIFT_OPTIMIZATION_LEVEL = "-Onone";
			};
			name = Debug;
		};
		2EBFC5EB2147A07D00C83633 /* Release */ = {
			isa = XCBuildConfiguration;
			buildSettings = {
				ALWAYS_SEARCH_USER_PATHS = NO;
				CLANG_ANALYZER_LOCALIZABILITY_NONLOCALIZED = YES;
				CLANG_ANALYZER_NONNULL = YES;
				CLANG_ANALYZER_NUMBER_OBJECT_CONVERSION = YES_AGGRESSIVE;
				CLANG_CXX_LANGUAGE_STANDARD = "gnu++14";
				CLANG_CXX_LIBRARY = "libc++";
				CLANG_ENABLE_MODULES = YES;
				CLANG_ENABLE_OBJC_ARC = YES;
				CLANG_ENABLE_OBJC_WEAK = YES;
				CLANG_WARN_BLOCK_CAPTURE_AUTORELEASING = YES;
				CLANG_WARN_BOOL_CONVERSION = YES;
				CLANG_WARN_COMMA = YES;
				CLANG_WARN_CONSTANT_CONVERSION = YES;
				CLANG_WARN_DEPRECATED_OBJC_IMPLEMENTATIONS = YES;
				CLANG_WARN_DIRECT_OBJC_ISA_USAGE = YES_ERROR;
				CLANG_WARN_DOCUMENTATION_COMMENTS = YES;
				CLANG_WARN_EMPTY_BODY = YES;
				CLANG_WARN_ENUM_CONVERSION = YES;
				CLANG_WARN_INFINITE_RECURSION = YES;
				CLANG_WARN_INT_CONVERSION = YES;
				CLANG_WARN_NON_LITERAL_NULL_CONVERSION = YES;
				CLANG_WARN_OBJC_IMPLICIT_RETAIN_SELF = YES;
				CLANG_WARN_OBJC_LITERAL_CONVERSION = YES;
				CLANG_WARN_OBJC_ROOT_CLASS = YES_ERROR;
				CLANG_WARN_RANGE_LOOP_ANALYSIS = YES;
				CLANG_WARN_STRICT_PROTOTYPES = YES;
				CLANG_WARN_SUSPICIOUS_MOVE = YES;
				CLANG_WARN_UNGUARDED_AVAILABILITY = YES_AGGRESSIVE;
				CLANG_WARN_UNREACHABLE_CODE = YES;
				CLANG_WARN__DUPLICATE_METHOD_MATCH = YES;
				CODE_SIGN_IDENTITY = "iPhone Developer";
				COPY_PHASE_STRIP = NO;
				DEBUG_INFORMATION_FORMAT = "dwarf-with-dsym";
				ENABLE_NS_ASSERTIONS = NO;
				ENABLE_STRICT_OBJC_MSGSEND = YES;
				GCC_C_LANGUAGE_STANDARD = gnu11;
				GCC_NO_COMMON_BLOCKS = YES;
				GCC_WARN_64_TO_32_BIT_CONVERSION = YES;
				GCC_WARN_ABOUT_RETURN_TYPE = YES_ERROR;
				GCC_WARN_UNDECLARED_SELECTOR = YES;
				GCC_WARN_UNINITIALIZED_AUTOS = YES_AGGRESSIVE;
				GCC_WARN_UNUSED_FUNCTION = YES;
				GCC_WARN_UNUSED_VARIABLE = YES;
				IPHONEOS_DEPLOYMENT_TARGET = 11.4;
				MTL_ENABLE_DEBUG_INFO = NO;
				SDKROOT = iphoneos;
				SWIFT_COMPILATION_MODE = wholemodule;
				SWIFT_OPTIMIZATION_LEVEL = "-O";
				VALIDATE_PRODUCT = YES;
			};
			name = Release;
		};
		2EBFC5ED2147A07D00C83633 /* Debug */ = {
			isa = XCBuildConfiguration;
			baseConfigurationReference = 5249A96A8A474349690E35D1 /* Pods-LuansSquareCloud.debug.xcconfig */;
			buildSettings = {
				ASSETCATALOG_COMPILER_APPICON_NAME = AppIcon;
				CODE_SIGN_STYLE = Automatic;
				DEVELOPMENT_TEAM = JHF84Q5656;
				INFOPLIST_FILE = LuansSquareCloud/Info.plist;
				LD_RUNPATH_SEARCH_PATHS = (
					"$(inherited)",
					"@executable_path/Frameworks",
				);
				PRODUCT_BUNDLE_IDENTIFIER = org.gb.LuansSquareCloud;
				PRODUCT_NAME = "$(TARGET_NAME)";
				SWIFT_VERSION = 4.0;
				TARGETED_DEVICE_FAMILY = "1,2";
			};
			name = Debug;
		};
		2EBFC5EE2147A07D00C83633 /* Release */ = {
			isa = XCBuildConfiguration;
			baseConfigurationReference = 516C48EF3A8585FCC47905A0 /* Pods-LuansSquareCloud.release.xcconfig */;
			buildSettings = {
				ASSETCATALOG_COMPILER_APPICON_NAME = AppIcon;
				CODE_SIGN_STYLE = Automatic;
				DEVELOPMENT_TEAM = JHF84Q5656;
				INFOPLIST_FILE = LuansSquareCloud/Info.plist;
				LD_RUNPATH_SEARCH_PATHS = (
					"$(inherited)",
					"@executable_path/Frameworks",
				);
				PRODUCT_BUNDLE_IDENTIFIER = org.gb.LuansSquareCloud;
				PRODUCT_NAME = "$(TARGET_NAME)";
				SWIFT_VERSION = 4.0;
				TARGETED_DEVICE_FAMILY = "1,2";
			};
			name = Release;
		};
/* End XCBuildConfiguration section */

/* Begin XCConfigurationList section */
		2EBFC5D32147A07B00C83633 /* Build configuration list for PBXProject "LuansSquareCloud" */ = {
			isa = XCConfigurationList;
			buildConfigurations = (
				2EBFC5EA2147A07D00C83633 /* Debug */,
				2EBFC5EB2147A07D00C83633 /* Release */,
			);
			defaultConfigurationIsVisible = 0;
			defaultConfigurationName = Release;
		};
		2EBFC5EC2147A07D00C83633 /* Build configuration list for PBXNativeTarget "LuansSquareCloud" */ = {
			isa = XCConfigurationList;
			buildConfigurations = (
				2EBFC5ED2147A07D00C83633 /* Debug */,
				2EBFC5EE2147A07D00C83633 /* Release */,
			);
			defaultConfigurationIsVisible = 0;
			defaultConfigurationName = Release;
		};
/* End XCConfigurationList section */
	};
	rootObject = 2EBFC5D02147A07B00C83633 /* Project object */;
}
